
Microsoft Visual Studio Solution File, Format Version 12.00
# Visual Studio Version 16
VisualStudioVersion = 16.0.28407.52
MinimumVisualStudioVersion = 10.0.40219.1
Project("{FAE04EC0-301F-11D3-BF4B-00C04F79EFBC}") = "ContainerWebApp", "ContainerWebApp\ContainerWebApp.csproj", "{43FFD818-2D29-46CE-8B4F-8239B2E52505}"
EndProject
Project("{151D2E53-A2C4-4D7D-83FE-D05416EBD58E}") = "ContainerWebApp.ResourceGroup", "ContainerWebApp.ResourceGroup\ContainerWebApp.ResourceGroup.deployproj", "{CC554B7E-20A1-44EC-A2F6-5DBCED9E54C9}"
EndProject
Global
	GlobalSection(SolutionConfigurationPlatforms) = preSolution
		Debug|Any CPU = Debug|Any CPU
		Release|Any CPU = Release|Any CPU
	EndGlobalSection
	GlobalSection(ProjectConfigurationPlatforms) = postSolution
		{43FFD818-2D29-46CE-8B4F-8239B2E52505}.Debug|Any CPU.ActiveCfg = Debug|Any CPU
		{43FFD818-2D29-46CE-8B4F-8239B2E52505}.Debug|Any CPU.Build.0 = Debug|Any CPU
		{43FFD818-2D29-46CE-8B4F-8239B2E52505}.Release|Any CPU.ActiveCfg = Release|Any CPU
		{43FFD818-2D29-46CE-8B4F-8239B2E52505}.Release|Any CPU.Build.0 = Release|Any CPU
		{CC554B7E-20A1-44EC-A2F6-5DBCED9E54C9}.Debug|Any CPU.ActiveCfg = Debug|Any CPU
		{CC554B7E-20A1-44EC-A2F6-5DBCED9E54C9}.Debug|Any CPU.Build.0 = Debug|Any CPU
		{CC554B7E-20A1-44EC-A2F6-5DBCED9E54C9}.Release|Any CPU.ActiveCfg = Release|Any CPU
		{CC554B7E-20A1-44EC-A2F6-5DBCED9E54C9}.Release|Any CPU.Build.0 = Release|Any CPU
	EndGlobalSection
	GlobalSection(SolutionProperties) = preSolution
		HideSolutionNode = FALSE
	EndGlobalSection
	GlobalSection(ExtensibilityGlobals) = postSolution
		SolutionGuid = {F201112C-ECE2-47FD-9011-2C926602FF90}
	EndGlobalSection
EndGlobal
